
Microsoft Visual Studio Solution File, Format Version 12.00
# Visual Studio 15
VisualStudioVersion = 15.0.27428.2043
MinimumVisualStudioVersion = 10.0.40219.1
Project("{FAE04EC0-301F-11D3-BF4B-00C04F79EFBC}") = "CinemaTicketSystem.Domain", "CinemaTicketSystem.Domain\CinemaTicketSystem.Domain.csproj", "{D144DF4D-0742-496B-91B5-FA31A0C30404}"
EndProject
Project("{FAE04EC0-301F-11D3-BF4B-00C04F79EFBC}") = "CinemaTicketSystem.WebUI", "CinemaTicketSystem\CinemaTicketSystem.WebUI.csproj", "{E3D115F6-2F48-4D63-BF6B-959A0BF794FC}"
EndProject
Project("{FAE04EC0-301F-11D3-BF4B-00C04F79EFBC}") = "CinemaTicketSystem.UnitTests", "CinemaTicketSystem.UnitTests\CinemaTicketSystem.UnitTests.csproj", "{0B28B4CB-5304-4574-AE01-7B41F6CE6AD8}"
EndProject
Global
	GlobalSection(SolutionConfigurationPlatforms) = preSolution
		Debug|Any CPU = Debug|Any CPU
		Release|Any CPU = Release|Any CPU
	EndGlobalSection
	GlobalSection(ProjectConfigurationPlatforms) = postSolution
		{D144DF4D-0742-496B-91B5-FA31A0C30404}.Debug|Any CPU.ActiveCfg = Debug|Any CPU
		{D144DF4D-0742-496B-91B5-FA31A0C30404}.Debug|Any CPU.Build.0 = Debug|Any CPU
		{D144DF4D-0742-496B-91B5-FA31A0C30404}.Release|Any CPU.ActiveCfg = Release|Any CPU
		{D144DF4D-0742-496B-91B5-FA31A0C30404}.Release|Any CPU.Build.0 = Release|Any CPU
		{E3D115F6-2F48-4D63-BF6B-959A0BF794FC}.Debug|Any CPU.ActiveCfg = Debug|Any CPU
		{E3D115F6-2F48-4D63-BF6B-959A0BF794FC}.Debug|Any CPU.Build.0 = Debug|Any CPU
		{E3D115F6-2F48-4D63-BF6B-959A0BF794FC}.Release|Any CPU.ActiveCfg = Release|Any CPU
		{E3D115F6-2F48-4D63-BF6B-959A0BF794FC}.Release|Any CPU.Build.0 = Release|Any CPU
		{0B28B4CB-5304-4574-AE01-7B41F6CE6AD8}.Debug|Any CPU.ActiveCfg = Debug|Any CPU
		{0B28B4CB-5304-4574-AE01-7B41F6CE6AD8}.Debug|Any CPU.Build.0 = Debug|Any CPU
		{0B28B4CB-5304-4574-AE01-7B41F6CE6AD8}.Release|Any CPU.ActiveCfg = Release|Any CPU
		{0B28B4CB-5304-4574-AE01-7B41F6CE6AD8}.Release|Any CPU.Build.0 = Release|Any CPU
	EndGlobalSection
	GlobalSection(SolutionProperties) = preSolution
		HideSolutionNode = FALSE
	EndGlobalSection
	GlobalSection(ExtensibilityGlobals) = postSolution
		SolutionGuid = {2798BBF5-BCF8-4FE9-9CC2-EAE59607D6B7}
	EndGlobalSection
EndGlobal
